# THIS IS AN AUTOGENERATED FILE. DO NOT EDIT THIS FILE DIRECTLY.
# yarn lockfile v1


uplot-wrappers-common@../common/:
  version "1.0.0"

uplot@^1.6.7:
  version "1.6.7"
  resolved "https://registry.yarnpkg.com/uplot/-/uplot-1.6.7.tgz#d3faaec899791ee3fdf5d2835b19a33d9117566a"
  integrity sha512-6aYZmGywrHTqTgT1GfYHnU77xDUdutR1EJbVX4P9I45CGrtXN77S69/cgW2BXPL1lR4g6V6bh7ujJsFyvHw1hg==

vue@^2.6.12:
  version "2.6.12"
  resolved "https://registry.yarnpkg.com/vue/-/vue-2.6.12.tgz#f5ebd4fa6bd2869403e29a896aed4904456c9123"
  integrity sha512-uhmLFETqPPNyuLLbsKz6ioJ4q7AZHzD8ZVFNATNyICSZouqP2Sz0rotWQC8UNBF6VGSCs5abnKJoStA6JbCbfg==
